lockfileVersion: '9.0'

settings:
  autoInstallPeers: true
  excludeLinksFromLockfile: false

importers:

  .:
    dependencies:
      '@aws-sdk/client-s3':
        specifier: ^3.1077.0
        version: 3.1077.0
      '@aws-sdk/s3-request-presigner':
        specifier: ^3.1077.0
        version: 3.1077.0
      pg:
        specifier: ^8.13.1
        version: 8.22.0
    devDependencies:
      '@types/node':
        specifier: ^26.0.1
        version: 26.0.1
      '@types/pg':
        specifier: ^8.11.10
        version: 8.20.0
      typescript:
        specifier: ^6.0.3
        version: 6.0.3

packages:

  '@aws-sdk/checksums@3.1000.10':
    resolution: {integrity: sha512-OUNjNcyA8Ai2OdlRUxW5jHUf6XJmqqZk3UddL+mDiUCtXrVqdmIHHkdDFWBlBRjhore/3ZBMgRXgcS0ggtvD0Q==}
    engines: {node: '>=20.0.0'}

  '@aws-sdk/client-s3@3.1077.0':
    resolution: {integrity: sha512-yWK6jOMrMUgGarXlrQaAopWXva20NaOqTPApuE68SzsBFQ57fQ5E13BKUPLwtPgymk+8L6vG/O4h7Q30IBYr2w==}
    engines: {node: '>=20.0.0'}

  '@aws-sdk/core@3.974.25':
    resolution: {integrity: sha512-fJFkx6u6wCqGMV/v6EAxiwa2UzEukbvr1hNPv4MrD3yj4IFz011jZg42/eSTOP/u5kJ0tlILqEjCWtT8GiKZvA==}
    engines: {node: '>=20.0.0'}

  '@aws-sdk/credential-provider-env@3.972.51':
    resolution: {integrity: sha512-Xo+/zf5k5pZdo53X8aVXN4MJGfU/M1P7yMM/GbNY/x9fyRZGEzjhKqW38GA0FSQQ9TYKs+bfPyz5ja4bi6pjTQ==}
    engines: {node: '>=20.0.0'}

  '@aws-sdk/credential-provider-http@3.972.53':
    resolution: {integrity: sha512-7E9oFUcf9YWe+ttGiWhe/cCSI+pswwelzgQMoKXgPJi1AIfS27TK6et5ZULqEqHu30zbN+jh1RqlwcXqY/aXyg==}
    engines: {node: '>=20.0.0'}

  '@aws-sdk/credential-provider-ini@3.972.58':
    resolution: {integrity: sha512-MPr0hD8pyDGfF3dWXvFOILhcKTB9ptqJOJK9JEuDQzpc2HgKisY16eR7IrKUXxSbz8LZj+LHz/CS8Y5G1ai7yw==}
    engines: {node: '>=20.0.0'}

  '@aws-sdk/credential-provider-login@3.972.57':
    resolution: {integrity: sha512-kPWc/SCrl9agKeywxKwPEoQHanWag0LcNQrcZpEQpjNifkxq6tQENhgrrS9al317CF6yytyihlX+FhPHlk0QjA==}
    engines: {node: '>=20.0.0'}

  '@aws-sdk/credential-provider-node@3.972.60':
    resolution: {integrity: sha512-hE2hIBJQjCDRx8TbSqpVQ+/o2mIrJZQZbQ3LlwE2bJf7z47x5GmhcvGwZPqJH7Oq//SzTXEBGSZ4qSpK3yPbhw==}
    engines: {node: '>=20.0.0'}

  '@aws-sdk/credential-provider-process@3.972.51':
    resolution: {integrity: sha512-081dD2RlnmY+G05v6E73KfACvDjPjnttrLjGHE2SSglbID25UcuijbWpL4g+XR5T2Kl4oIJoVBXi64s+2f009Q==}
    engines: {node: '>=20.0.0'}

  '@aws-sdk/credential-provider-sso@3.972.57':
    resolution: {integrity: sha512-dC7ZyX3EHKHLOeVUEDzzGvk0L1s6N06YDrau7P0rGXL/j1cO+DzN2w1x9vcEh7zljVCR3019f5mi1Th+GGTURw==}
    engines: {node: '>=20.0.0'}

  '@aws-sdk/credential-provider-web-identity@3.972.57':
    resolution: {integrity: sha512-HtWM3FV2o7NJFJSUqFLBlxmV9RxQRHpzCvQaP1n1Qo4CxQSvwpJ8ERWHiLqXMFDgDXyELt+EZNFcpG6XQRcJbQ==}
    engines: {node: '>=20.0.0'}

  '@aws-sdk/middleware-sdk-s3@3.972.56':
    resolution: {integrity: sha512-VFLd7bT8ef48H2n2iDrY/w9EPpXLmC0v4NEriXy2vuTgEP/FrKqrcwi7eobhcOrdO37uLbMt5AWZlY55R2/xqg==}
    engines: {node: '>=20.0.0'}

  '@aws-sdk/nested-clients@3.997.25':
    resolution: {integrity: sha512-VpRQ3wR6l+fwRHV5veJL2ehtyQFrGyH/2CJG9DVtb8H3xyqqnZWSTSrq/CJJ7DvDlDgrPRiW2SkYA8pN6VWCFQ==}
    engines: {node: '>=20.0.0'}

  '@aws-sdk/s3-request-presigner@3.1077.0':
    resolution: {integrity: sha512-gmj0nvnnuLDvXHekQNCTljcp/0XrQ1Mi6EpFYv6TF/u9oa4PugIhO5BpIDoKf4qvaQuOX+71E8KMkn9GS75dPw==}
    engines: {node: '>=20.0.0'}

  '@aws-sdk/signature-v4-multi-region@3.996.37':
    resolution: {integrity: sha512-u8qd064XsHzM0Mk+yH4IPKn/ZC9rdniEKs+neBHNlsPZirw3rcLvmrH4ImoKC4yF7A0I/MbcC3dseARnJLiAhg==}
    engines: {node: '>=20.0.0'}

  '@aws-sdk/token-providers@3.1077.0':
    resolution: {integrity: sha512-sRUkfZ3fpOco95jZHsQUQiXvuIVLvCmWVclFg6dRFDyfsYs6Pdr/NuZ2+yJxeHN+6WAfDh2aZ8nlZntnvuhZUQ==}
    engines: {node: '>=20.0.0'}

  '@aws-sdk/types@3.973.14':
    resolution: {integrity: sha512-vH4pEu9YBEwr67yT+GVcmKX0GzfIrIYUn+MF5vXg9OspouVnAekuyVyawFvZHEK7WlcwVDwNrqI3ZBDUAiyu9A==}
    engines: {node: '>=20.0.0'}

  '@aws-sdk/xml-builder@3.972.32':
    resolution: {integrity: sha512-2loKuOMRFDg1nwdni5AtJ9S5juVbRNPNsPC7tWTfkHyycPwACMhxepspUHi8GhvfNlL2cQo3sPMod1uib+KZ0w==}
    engines: {node: '>=20.0.0'}

  '@aws/lambda-invoke-store@0.2.4':
    resolution: {integrity: sha512-iY8yvjE0y651BixKNPgmv1WrQc+GZ142sb0z4gYnChDDY2YqI4P/jsSopBWrKfAt7LOJAkOXt7rC/hms+WclQQ==}
    engines: {node: '>=18.0.0'}

  '@smithy/core@3.28.0':
    resolution: {integrity: sha512-N/LoLG8pZ1zv5cIWpdF6vmSjtZtXKK9G0OqT5yYCOZU+CzPq1+nYA95VoKJBGWRScs7YbMugZ7lZx8Fj1vdHoA==}
    engines: {node: '>=18.0.0'}

  '@smithy/credential-provider-imds@4.4.4':
    resolution: {integrity: sha512-jT0WrDaM88L5na9FX1xRNywCS3B1n75wPY5Ksasjo0PHUtuI7d8FclksN1BbOSYTiaiKxUDqU23nUymH/V+AaQ==}
    engines: {node: '>=18.0.0'}

  '@smithy/fetch-http-handler@5.6.1':
    resolution: {integrity: sha512-fW6l9rWoyk1iyzfuZaERnZLNjB6WIojgGm6Bo9Hpfpy3RUpltjLikNlxTsS/YtxVobcfbCGBuAncREYqT4hvqQ==}
    engines: {node: '>=18.0.0'}

  '@smithy/node-http-handler@4.9.1':
    resolution: {integrity: sha512-m/f15di58P6NtLQ7eVEb5N19NdJWn+4c7zfkFHMT/i3JH7U8UtknpPoy8o2tm2R3OdliYvsvQhZHIfACQDqT+Q==}
    engines: {node: '>=18.0.0'}

  '@smithy/signature-v4@5.6.0':
    resolution: {integrity: sha512-IkPHQdbyoebSwBCuMTzJ/2oIhKVqiZZAZxQYSlpDZqq/WhJUpmdgbHvP7ItddxsPzcDUJeI0V4PNMSNtlZ0aqA==}
    engines: {node: '>=18.0.0'}

  '@smithy/types@4.15.0':
    resolution: {integrity: sha512-Z5TAOxygoFvybJV3igo5SloFflSokHx2hu1eFA+DxDTcn+FtKxUSui+rbTRG1pAafMA888Z3MVvCWUuvCrTXjg==}
    engines: {node: '>=18.0.0'}

  '@types/node@26.0.1':
    resolution: {integrity: sha512-fc3KiUoBt6kie0N9bIW3E47vZsuaMf0PM2AaUpLCLT0s/LvX1nxAim6Fc049cNxODPpGm6qRAuUOB86SkRuPQw==}

  '@types/pg@8.20.0':
    resolution: {integrity: sha512-bEPFOaMAHTEP1EzpvHTbmwR8UsFyHSKsRisLIHVMXnpNefSbGA1bD6CVy+qKjGSqmZqNqBDV2azOBo8TgkcVow==}

  bowser@2.14.1:
    resolution: {integrity: sha512-tzPjzCxygAKWFOJP011oxFHs57HzIhOEracIgAePE4pqB3LikALKnSzUyU4MGs9/iCEUuHlAJTjTc5M+u7YEGg==}

  pg-cloudflare@1.4.0:
    resolution: {integrity: sha512-Vo7z/6rrQYxpNRylp4Tlob2elzbh+N/MOQbxFVWCxS7oEx6jF53GTJFxK2WWpKuBRkmiin4Mt+xofFDjx09R0A==}

  pg-connection-string@2.14.0:
    resolution: {integrity: sha512-XwWDGcLRGCXAR8F/AM5bG7Q+A3Wm2s6QeEjlOKZLlH3UYcguiqCWKyWXVag5TLTIjR7oOJUY8kcADaZgWPyLeg==}

  pg-int8@1.0.1:
    resolution: {integrity: sha512-WCtabS6t3c8SkpDBUlb1kjOs7l66xsGdKpIPZsg4wR+B3+u9UAum2odSsF9tnvxg80h4ZxLWMy4pRjOsFIqQpw==}
    engines: {node: '>=4.0.0'}

  pg-pool@3.14.0:
    resolution: {integrity: sha512-gKtPkFdQPU3DksooVLi9LsjZxrsBUZIpa+7aVx+LV5pNh0KzP4Zleud2po+ConrxbuXGBJ6Hfer6hdgpIBpBaw==}
    peerDependencies:
      pg: '>=8.0'

  pg-protocol@1.15.0:
    resolution: {integrity: sha512-cq9sECI5s0+uPUXjbz8ioyPJni6RzsRib0US67i5IoTZKw8fNeYlVE7u8F4dG7vEJJtc5wdD1K189lCCUwqWTQ==}

  pg-types@2.2.0:
    resolution: {integrity: sha512-qTAAlrEsl8s4OiEQY69wDvcMIdQN6wdz5ojQiOy6YRMuynxenON0O5oCpJI6lshc6scgAY8qvJ2On/p+CXY0GA==}
    engines: {node: '>=4'}

  pg@8.22.0:
    resolution: {integrity: sha512-8wih1vVIBMxoUM2oB4soJsD9tDnDpLv4OXBJ+EJzFsvycD+lfyIreC2gGHq78f8jbLLt+bvlPTFdFZfJkOuzAA==}
    engines: {node: '>= 16.0.0'}
    peerDependencies:
      pg-native: '>=3.0.1'
    peerDependenciesMeta:
      pg-native:
        optional: true

  pgpass@1.0.5:
    resolution: {integrity: sha512-FdW9r/jQZhSeohs1Z3sI1yxFQNFvMcnmfuj4WBMUTxOrAyLMaTcE1aAMBiTlbMNaXvBCQuVi0R7hd8udDSP7ug==}

  postgres-array@2.0.0:
    resolution: {integrity: sha512-VpZrUqU5A69eQyW2c5CA1jtLecCsN2U/bD6VilrFDWq5+5UIEVO7nazS3TEcHf1zuPYO/sqGvUvW62g86RXZuA==}
    engines: {node: '>=4'}

  postgres-bytea@1.0.1:
    resolution: {integrity: sha512-5+5HqXnsZPE65IJZSMkZtURARZelel2oXUEO8rH83VS/hxH5vv1uHquPg5wZs8yMAfdv971IU+kcPUczi7NVBQ==}
    engines: {node: '>=0.10.0'}

  postgres-date@1.0.7:
    resolution: {integrity: sha512-suDmjLVQg78nMK2UZ454hAG+OAW+HQPZ6n++TNDUX+L0+uUlLywnoxJKDou51Zm+zTCjrCl0Nq6J9C5hP9vK/Q==}
    engines: {node: '>=0.10.0'}

  postgres-interval@1.2.0:
    resolution: {integrity: sha512-9ZhXKM/rw350N1ovuWHbGxnGh/SNJ4cnxHiM0rxE4VN41wsg8P8zWn9hv/buK00RP4WvlOyr/RBDiptyxVbkZQ==}
    engines: {node: '>=0.10.0'}

  split2@4.2.0:
    resolution: {integrity: sha512-UcjcJOWknrNkF6PLX83qcHM6KHgVKNkV62Y8a5uYDVv9ydGQVwAHMKqHdJje1VTWpljG0WYpCDhrCdAOYH4TWg==}
    engines: {node: '>= 10.x'}

  tslib@2.8.1:
    resolution: {integrity: sha512-oJFu94HQb+KVduSUQL7wnpmqnfmLsOA/nAh6b6EH0wCEoK0/mPeXU6c3wKDV83MkOuHPRHtSXKKU99IBazS/2w==}

  typescript@6.0.3:
    resolution: {integrity: sha512-y2TvuxSZPDyQakkFRPZHKFm+KKVqIisdg9/CZwm9ftvKXLP8NRWj38/ODjNbr43SsoXqNuAisEf1GdCxqWcdBw==}
    engines: {node: '>=14.17'}
    hasBin: true

  undici-types@8.3.0:
    resolution: {integrity: sha512-j375ScV60dom+YkPFIfTLcOiPxkN/buHz5GobjLhixFuANaNs3C9l4GmrWqejgXWJ7BbJcFYpTEUkS1Ge8bpZQ==}

  xtend@4.0.2:
    resolution: {integrity: sha512-LKYU1iAXJXUgAXn9URjiu+MWhyUXHsvfp7mcuYm9dSUKK0/CjtrUwFAxD82/mCWbtLsGjFIad0wIsod4zrTAEQ==}
    engines: {node: '>=0.4'}

snapshots:

  '@aws-sdk/checksums@3.1000.10':
    dependencies:
      '@aws-sdk/core': 3.974.25
      '@aws-sdk/types': 3.973.14
      '@smithy/core': 3.28.0
      '@smithy/types': 4.15.0
      tslib: 2.8.1

  '@aws-sdk/client-s3@3.1077.0':
    dependencies:
      '@aws-sdk/checksums': 3.1000.10
      '@aws-sdk/core': 3.974.25
      '@aws-sdk/credential-provider-node': 3.972.60
      '@aws-sdk/middleware-sdk-s3': 3.972.56
      '@aws-sdk/signature-v4-multi-region': 3.996.37
      '@aws-sdk/types': 3.973.14
      '@smithy/core': 3.28.0
      '@smithy/fetch-http-handler': 5.6.1
      '@smithy/node-http-handler': 4.9.1
      '@smithy/types': 4.15.0
      tslib: 2.8.1

  '@aws-sdk/core@3.974.25':
    dependencies:
      '@aws-sdk/types': 3.973.14
      '@aws-sdk/xml-builder': 3.972.32
      '@aws/lambda-invoke-store': 0.2.4
      '@smithy/core': 3.28.0
      '@smithy/signature-v4': 5.6.0
      '@smithy/types': 4.15.0
      bowser: 2.14.1
      tslib: 2.8.1

  '@aws-sdk/credential-provider-env@3.972.51':
    dependencies:
      '@aws-sdk/core': 3.974.25
      '@aws-sdk/types': 3.973.14
      '@smithy/core': 3.28.0
      '@smithy/types': 4.15.0
      tslib: 2.8.1

  '@aws-sdk/credential-provider-http@3.972.53':
    dependencies:
      '@aws-sdk/core': 3.974.25
      '@aws-sdk/types': 3.973.14
      '@smithy/core': 3.28.0
      '@smithy/fetch-http-handler': 5.6.1
      '@smithy/node-http-handler': 4.9.1
      '@smithy/types': 4.15.0
      tslib: 2.8.1

  '@aws-sdk/credential-provider-ini@3.972.58':
    dependencies:
      '@aws-sdk/core': 3.974.25
      '@aws-sdk/credential-provider-env': 3.972.51
      '@aws-sdk/credential-provider-http': 3.972.53
      '@aws-sdk/credential-provider-login': 3.972.57
      '@aws-sdk/credential-provider-process': 3.972.51
      '@aws-sdk/credential-provider-sso': 3.972.57
      '@aws-sdk/credential-provider-web-identity': 3.972.57
      '@aws-sdk/nested-clients': 3.997.25
      '@aws-sdk/types': 3.973.14
      '@smithy/core': 3.28.0
      '@smithy/credential-provider-imds': 4.4.4
      '@smithy/types': 4.15.0
      tslib: 2.8.1

  '@aws-sdk/credential-provider-login@3.972.57':
    dependencies:
      '@aws-sdk/core': 3.974.25
      '@aws-sdk/nested-clients': 3.997.25
      '@aws-sdk/types': 3.973.14
      '@smithy/core': 3.28.0
      '@smithy/types': 4.15.0
      tslib: 2.8.1

  '@aws-sdk/credential-provider-node@3.972.60':
    dependencies:
      '@aws-sdk/credential-provider-env': 3.972.51
      '@aws-sdk/credential-provider-http': 3.972.53
      '@aws-sdk/credential-provider-ini': 3.972.58
      '@aws-sdk/credential-provider-process': 3.972.51
      '@aws-sdk/credential-provider-sso': 3.972.57
      '@aws-sdk/credential-provider-web-identity': 3.972.57
      '@aws-sdk/types': 3.973.14
      '@smithy/core': 3.28.0
      '@smithy/credential-provider-imds': 4.4.4
      '@smithy/types': 4.15.0
      tslib: 2.8.1

  '@aws-sdk/credential-provider-process@3.972.51':
    dependencies:
      '@aws-sdk/core': 3.974.25
      '@aws-sdk/types': 3.973.14
      '@smithy/core': 3.28.0
      '@smithy/types': 4.15.0
      tslib: 2.8.1

  '@aws-sdk/credential-provider-sso@3.972.57':
    dependencies:
      '@aws-sdk/core': 3.974.25
      '@aws-sdk/nested-clients': 3.997.25
      '@aws-sdk/token-providers': 3.1077.0
      '@aws-sdk/types': 3.973.14
      '@smithy/core': 3.28.0
      '@smithy/types': 4.15.0
      tslib: 2.8.1

  '@aws-sdk/credential-provider-web-identity@3.972.57':
    dependencies:
      '@aws-sdk/core': 3.974.25
      '@aws-sdk/nested-clients': 3.997.25
      '@aws-sdk/types': 3.973.14
      '@smithy/core': 3.28.0
      '@smithy/types': 4.15.0
      tslib: 2.8.1

  '@aws-sdk/middleware-sdk-s3@3.972.56':
    dependencies:
      '@aws-sdk/core': 3.974.25
      '@aws-sdk/signature-v4-multi-region': 3.996.37
      '@aws-sdk/types': 3.973.14
      '@smithy/core': 3.28.0
      '@smithy/types': 4.15.0
      tslib: 2.8.1

  '@aws-sdk/nested-clients@3.997.25':
    dependencies:
      '@aws-sdk/core': 3.974.25
      '@aws-sdk/signature-v4-multi-region': 3.996.37
      '@aws-sdk/types': 3.973.14
      '@smithy/core': 3.28.0
      '@smithy/fetch-http-handler': 5.6.1
      '@smithy/node-http-handler': 4.9.1
      '@smithy/types': 4.15.0
      tslib: 2.8.1

  '@aws-sdk/s3-request-presigner@3.1077.0':
    dependencies:
      '@aws-sdk/core': 3.974.25
      '@aws-sdk/signature-v4-multi-region': 3.996.37
      '@aws-sdk/types': 3.973.14
      '@smithy/core': 3.28.0
      '@smithy/types': 4.15.0
      tslib: 2.8.1

  '@aws-sdk/signature-v4-multi-region@3.996.37':
    dependencies:
      '@aws-sdk/types': 3.973.14
      '@smithy/signature-v4': 5.6.0
      '@smithy/types': 4.15.0
      tslib: 2.8.1

  '@aws-sdk/token-providers@3.1077.0':
    dependencies:
      '@aws-sdk/core': 3.974.25
      '@aws-sdk/nested-clients': 3.997.25
      '@aws-sdk/types': 3.973.14
      '@smithy/core': 3.28.0
      '@smithy/types': 4.15.0
      tslib: 2.8.1

  '@aws-sdk/types@3.973.14':
    dependencies:
      '@smithy/types': 4.15.0
      tslib: 2.8.1

  '@aws-sdk/xml-builder@3.972.32':
    dependencies:
      '@smithy/types': 4.15.0
      tslib: 2.8.1

  '@aws/lambda-invoke-store@0.2.4': {}

  '@smithy/core@3.28.0':
    dependencies:
      '@smithy/types': 4.15.0
      tslib: 2.8.1

  '@smithy/credential-provider-imds@4.4.4':
    dependencies:
      '@smithy/core': 3.28.0
      '@smithy/types': 4.15.0
      tslib: 2.8.1

  '@smithy/fetch-http-handler@5.6.1':
    dependencies:
      '@smithy/core': 3.28.0
      '@smithy/types': 4.15.0
      tslib: 2.8.1

  '@smithy/node-http-handler@4.9.1':
    dependencies:
      '@smithy/core': 3.28.0
      '@smithy/types': 4.15.0
      tslib: 2.8.1

  '@smithy/signature-v4@5.6.0':
    dependencies:
      '@smithy/core': 3.28.0
      '@smithy/types': 4.15.0
      tslib: 2.8.1

  '@smithy/types@4.15.0':
    dependencies:
      tslib: 2.8.1

  '@types/node@26.0.1':
    dependencies:
      undici-types: 8.3.0

  '@types/pg@8.20.0':
    dependencies:
      '@types/node': 26.0.1
      pg-protocol: 1.15.0
      pg-types: 2.2.0

  bowser@2.14.1: {}

  pg-cloudflare@1.4.0:
    optional: true

  pg-connection-string@2.14.0: {}

  pg-int8@1.0.1: {}

  pg-pool@3.14.0(pg@8.22.0):
    dependencies:
      pg: 8.22.0

  pg-protocol@1.15.0: {}

  pg-types@2.2.0:
    dependencies:
      pg-int8: 1.0.1
      postgres-array: 2.0.0
      postgres-bytea: 1.0.1
      postgres-date: 1.0.7
      postgres-interval: 1.2.0

  pg@8.22.0:
    dependencies:
      pg-connection-string: 2.14.0
      pg-pool: 3.14.0(pg@8.22.0)
      pg-protocol: 1.15.0
      pg-types: 2.2.0
      pgpass: 1.0.5
    optionalDependencies:
      pg-cloudflare: 1.4.0

  pgpass@1.0.5:
    dependencies:
      split2: 4.2.0

  postgres-array@2.0.0: {}

  postgres-bytea@1.0.1: {}

  postgres-date@1.0.7: {}

  postgres-interval@1.2.0:
    dependencies:
      xtend: 4.0.2

  split2@4.2.0: {}

  tslib@2.8.1: {}

  typescript@6.0.3: {}

  undici-types@8.3.0: {}

  xtend@4.0.2: {}
